
Microsoft Visual Studio Solution File, Format Version 12.00
# Visual Studio 15
VisualStudioVersion = 15.0.26124.0
MinimumVisualStudioVersion = 15.0.26124.0
Project("{FAE04EC0-301F-11D3-BF4B-00C04F79EFBC}") = "VJson", "VJson\VJson.csproj", "{63EFA01F-793A-486D-A65F-39029DF64C6F}"
EndProject
Project("{FAE04EC0-301F-11D3-BF4B-00C04F79EFBC}") = "VJson.Editor.Tests", "VJson.Editor.Tests\VJson.Editor.Tests.csproj", "{A500B2F2-CF5C-4E8A-B52B-05ACCD6BCDB6}"
EndProject
Project("{FAE04EC0-301F-11D3-BF4B-00C04F79EFBC}") = "Benchmarks", "Benchmarks\Benchmarks.csproj", "{63222FEC-933E-4219-A3F4-246FD2AD024F}"
EndProject
Global
	GlobalSection(SolutionConfigurationPlatforms) = preSolution
		Debug|Any CPU = Debug|Any CPU
		Debug|x64 = Debug|x64
		Debug|x86 = Debug|x86
		Release|Any CPU = Release|Any CPU
		Release|x64 = Release|x64
		Release|x86 = Release|x86
	EndGlobalSection
	GlobalSection(SolutionProperties) = preSolution
		HideSolutionNode = FALSE
	EndGlobalSection
	GlobalSection(ProjectConfigurationPlatforms) = postSolution
		{34458BAF-7AED-47A2-A672-4B13AE3187FA}.Debug|Any CPU.ActiveCfg = Debug|Any CPU
		{34458BAF-7AED-47A2-A672-4B13AE3187FA}.Debug|Any CPU.Build.0 = Debug|Any CPU
		{34458BAF-7AED-47A2-A672-4B13AE3187FA}.Debug|x64.ActiveCfg = Debug|Any CPU
		{34458BAF-7AED-47A2-A672-4B13AE3187FA}.Debug|x64.Build.0 = Debug|Any CPU
		{34458BAF-7AED-47A2-A672-4B13AE3187FA}.Debug|x86.ActiveCfg = Debug|Any CPU
		{34458BAF-7AED-47A2-A672-4B13AE3187FA}.Debug|x86.Build.0 = Debug|Any CPU
		{34458BAF-7AED-47A2-A672-4B13AE3187FA}.Release|Any CPU.ActiveCfg = Release|Any CPU
		{34458BAF-7AED-47A2-A672-4B13AE3187FA}.Release|Any CPU.Build.0 = Release|Any CPU
		{34458BAF-7AED-47A2-A672-4B13AE3187FA}.Release|x64.ActiveCfg = Release|Any CPU
		{34458BAF-7AED-47A2-A672-4B13AE3187FA}.Release|x64.Build.0 = Release|Any CPU
		{34458BAF-7AED-47A2-A672-4B13AE3187FA}.Release|x86.ActiveCfg = Release|Any CPU
		{34458BAF-7AED-47A2-A672-4B13AE3187FA}.Release|x86.Build.0 = Release|Any CPU
		{837E0BF4-05B9-4964-B9A7-B4F0542A1A27}.Debug|Any CPU.ActiveCfg = Debug|Any CPU
		{837E0BF4-05B9-4964-B9A7-B4F0542A1A27}.Debug|Any CPU.Build.0 = Debug|Any CPU
		{837E0BF4-05B9-4964-B9A7-B4F0542A1A27}.Debug|x64.ActiveCfg = Debug|Any CPU
		{837E0BF4-05B9-4964-B9A7-B4F0542A1A27}.Debug|x64.Build.0 = Debug|Any CPU
		{837E0BF4-05B9-4964-B9A7-B4F0542A1A27}.Debug|x86.ActiveCfg = Debug|Any CPU
		{837E0BF4-05B9-4964-B9A7-B4F0542A1A27}.Debug|x86.Build.0 = Debug|Any CPU
		{837E0BF4-05B9-4964-B9A7-B4F0542A1A27}.Release|Any CPU.ActiveCfg = Release|Any CPU
		{837E0BF4-05B9-4964-B9A7-B4F0542A1A27}.Release|Any CPU.Build.0 = Release|Any CPU
		{837E0BF4-05B9-4964-B9A7-B4F0542A1A27}.Release|x64.ActiveCfg = Release|Any CPU
		{837E0BF4-05B9-4964-B9A7-B4F0542A1A27}.Release|x64.Build.0 = Release|Any CPU
		{837E0BF4-05B9-4964-B9A7-B4F0542A1A27}.Release|x86.ActiveCfg = Release|Any CPU
		{837E0BF4-05B9-4964-B9A7-B4F0542A1A27}.Release|x86.Build.0 = Release|Any CPU
		{A500B2F2-CF5C-4E8A-B52B-05ACCD6BCDB6}.Debug|Any CPU.ActiveCfg = Debug|Any CPU
		{A500B2F2-CF5C-4E8A-B52B-05ACCD6BCDB6}.Debug|Any CPU.Build.0 = Debug|Any CPU
		{A500B2F2-CF5C-4E8A-B52B-05ACCD6BCDB6}.Debug|x64.ActiveCfg = Debug|Any CPU
		{A500B2F2-CF5C-4E8A-B52B-05ACCD6BCDB6}.Debug|x64.Build.0 = Debug|Any CPU
		{A500B2F2-CF5C-4E8A-B52B-05ACCD6BCDB6}.Debug|x86.ActiveCfg = Debug|Any CPU
		{A500B2F2-CF5C-4E8A-B52B-05ACCD6BCDB6}.Debug|x86.Build.0 = Debug|Any CPU
		{A500B2F2-CF5C-4E8A-B52B-05ACCD6BCDB6}.Release|Any CPU.ActiveCfg = Release|Any CPU
		{A500B2F2-CF5C-4E8A-B52B-05ACCD6BCDB6}.Release|Any CPU.Build.0 = Release|Any CPU
		{A500B2F2-CF5C-4E8A-B52B-05ACCD6BCDB6}.Release|x64.ActiveCfg = Release|Any CPU
		{A500B2F2-CF5C-4E8A-B52B-05ACCD6BCDB6}.Release|x64.Build.0 = Release|Any CPU
		{A500B2F2-CF5C-4E8A-B52B-05ACCD6BCDB6}.Release|x86.ActiveCfg = Release|Any CPU
		{A500B2F2-CF5C-4E8A-B52B-05ACCD6BCDB6}.Release|x86.Build.0 = Release|Any CPU
		{63EFA01F-793A-486D-A65F-39029DF64C6F}.Debug|Any CPU.ActiveCfg = Debug|Any CPU
		{63EFA01F-793A-486D-A65F-39029DF64C6F}.Debug|Any CPU.Build.0 = Debug|Any CPU
		{63EFA01F-793A-486D-A65F-39029DF64C6F}.Debug|x64.ActiveCfg = Debug|Any CPU
		{63EFA01F-793A-486D-A65F-39029DF64C6F}.Debug|x64.Build.0 = Debug|Any CPU
		{63EFA01F-793A-486D-A65F-39029DF64C6F}.Debug|x86.ActiveCfg = Debug|Any CPU
		{63EFA01F-793A-486D-A65F-39029DF64C6F}.Debug|x86.Build.0 = Debug|Any CPU
		{63EFA01F-793A-486D-A65F-39029DF64C6F}.Release|Any CPU.ActiveCfg = Release|Any CPU
		{63EFA01F-793A-486D-A65F-39029DF64C6F}.Release|Any CPU.Build.0 = Release|Any CPU
		{63EFA01F-793A-486D-A65F-39029DF64C6F}.Release|x64.ActiveCfg = Release|Any CPU
		{63EFA01F-793A-486D-A65F-39029DF64C6F}.Release|x64.Build.0 = Release|Any CPU
		{63EFA01F-793A-486D-A65F-39029DF64C6F}.Release|x86.ActiveCfg = Release|Any CPU
		{63EFA01F-793A-486D-A65F-39029DF64C6F}.Release|x86.Build.0 = Release|Any CPU
		{63222FEC-933E-4219-A3F4-246FD2AD024F}.Debug|Any CPU.ActiveCfg = Debug|Any CPU
		{63222FEC-933E-4219-A3F4-246FD2AD024F}.Debug|Any CPU.Build.0 = Debug|Any CPU
		{63222FEC-933E-4219-A3F4-246FD2AD024F}.Debug|x64.ActiveCfg = Debug|Any CPU
		{63222FEC-933E-4219-A3F4-246FD2AD024F}.Debug|x64.Build.0 = Debug|Any CPU
		{63222FEC-933E-4219-A3F4-246FD2AD024F}.Debug|x86.ActiveCfg = Debug|Any CPU
		{63222FEC-933E-4219-A3F4-246FD2AD024F}.Debug|x86.Build.0 = Debug|Any CPU
		{63222FEC-933E-4219-A3F4-246FD2AD024F}.Release|Any CPU.ActiveCfg = Release|Any CPU
		{63222FEC-933E-4219-A3F4-246FD2AD024F}.Release|Any CPU.Build.0 = Release|Any CPU
		{63222FEC-933E-4219-A3F4-246FD2AD024F}.Release|x64.ActiveCfg = Release|Any CPU
		{63222FEC-933E-4219-A3F4-246FD2AD024F}.Release|x64.Build.0 = Release|Any CPU
		{63222FEC-933E-4219-A3F4-246FD2AD024F}.Release|x86.ActiveCfg = Release|Any CPU
		{63222FEC-933E-4219-A3F4-246FD2AD024F}.Release|x86.Build.0 = Release|Any CPU
	EndGlobalSection
EndGlobal
